// !$*UTF8*$!
{
	archiveVersion = 1;
	classes = {
	};
	objectVersion = 55;
	objects = {

/* Begin PBXBuildFile section */
		C9F1919627D7533D00027FB9 /* NavigationStackExampleDemoApp.swift in Sources */ = {isa = PBXBuildFile; fileRef = C9F1919527D7533D00027FB9 /* NavigationStackExampleDemoApp.swift */; };
		C9F1919827D7533D00027FB9 /* ContentView.swift in Sources */ = {isa = PBXBuildFile; fileRef = C9F1919727D7533D00027FB9 /* ContentView.swift */; };
		C9F1919A27D7533E00027FB9 /* Assets.xcassets in Resources */ = {isa = PBXBuildFile; fileRef = C9F1919927D7533E00027FB9 /* Assets.xcassets */; };
		C9F1919D27D7533E00027FB9 /* Preview Assets.xcassets in Resources */ = {isa = PBXBuildFile; fileRef = C9F1919C27D7533E00027FB9 /* Preview Assets.xcassets */; };
		C9F191C327D7565A00027FB9 /* Post.swift in Sources */ = {isa = PBXBuildFile; fileRef = C9F191C227D7565A00027FB9 /* Post.swift */; };
		C9F191C527D7568800027FB9 /* HomeContainer.swift in Sources */ = {isa = PBXBuildFile; fileRef = C9F191C427D7568800027FB9 /* HomeContainer.swift */; };
		C9F191C727D7569700027FB9 /* FeedContainer.swift in Sources */ = {isa = PBXBuildFile; fileRef = C9F191C627D7569700027FB9 /* FeedContainer.swift */; };
		C9F191C927D756A600027FB9 /* PostsContainer.swift in Sources */ = {isa = PBXBuildFile; fileRef = C9F191C827D756A600027FB9 /* PostsContainer.swift */; };
		C9F191CB27D756B700027FB9 /* SettingsContainer.swift in Sources */ = {isa = PBXBuildFile; fileRef = C9F191CA27D756B700027FB9 /* SettingsContainer.swift */; };
		C9F191CD27D756FA00027FB9 /* HomeFourthView.swift in Sources */ = {isa = PBXBuildFile; fileRef = C9F191CC27D756FA00027FB9 /* HomeFourthView.swift */; };
		C9F191CF27D7570E00027FB9 /* HomeThirdView.swift in Sources */ = {isa = PBXBuildFile; fileRef = C9F191CE27D7570E00027FB9 /* HomeThirdView.swift */; };
		C9F191D127D7571E00027FB9 /* HomeSecondView.swift in Sources */ = {isa = PBXBuildFile; fileRef = C9F191D027D7571E00027FB9 /* HomeSecondView.swift */; };
		C9F191D327D7572C00027FB9 /* HomeFirstView.swift in Sources */ = {isa = PBXBuildFile; fileRef = C9F191D227D7572C00027FB9 /* HomeFirstView.swift */; };
		C9F191D527D7574600027FB9 /* FeedFirstView.swift in Sources */ = {isa = PBXBuildFile; fileRef = C9F191D427D7574600027FB9 /* FeedFirstView.swift */; };
		C9F191D727D7575100027FB9 /* FeedSecondView.swift in Sources */ = {isa = PBXBuildFile; fileRef = C9F191D627D7575100027FB9 /* FeedSecondView.swift */; };
		C9F191D927D7577700027FB9 /* PostsFirstView.swift in Sources */ = {isa = PBXBuildFile; fileRef = C9F191D827D7577700027FB9 /* PostsFirstView.swift */; };
		C9F191DB27D7578300027FB9 /* PostsSecondView.swift in Sources */ = {isa = PBXBuildFile; fileRef = C9F191DA27D7578300027FB9 /* PostsSecondView.swift */; };
		C9F191DD27D7579300027FB9 /* SettingsFirstView.swift in Sources */ = {isa = PBXBuildFile; fileRef = C9F191DC27D7579300027FB9 /* SettingsFirstView.swift */; };
		C9F191DF27D757A700027FB9 /* SettingsSecondView.swift in Sources */ = {isa = PBXBuildFile; fileRef = C9F191DE27D757A700027FB9 /* SettingsSecondView.swift */; };
		C9F191E227D7CC0700027FB9 /* SwiftUIFirstView.swift in Sources */ = {isa = PBXBuildFile; fileRef = C9F191E127D7CC0700027FB9 /* SwiftUIFirstView.swift */; };
		C9F191E427D7CC5500027FB9 /* SwiftUISecondView.swift in Sources */ = {isa = PBXBuildFile; fileRef = C9F191E327D7CC5500027FB9 /* SwiftUISecondView.swift */; };
/* End PBXBuildFile section */

/* Begin PBXFileReference section */
		C9F1919227D7533D00027FB9 /* NavigationStackExampleDemo.app */ = {isa = PBXFileReference; explicitFileType = wrapper.application; includeInIndex = 0; path = NavigationStackExampleDemo.app; sourceTree = BUILT_PRODUCTS_DIR; };
		C9F1919527D7533D00027FB9 /* NavigationStackExampleDemoApp.swift */ = {isa = PBXFileReference; lastKnownFileType = sourcecode.swift; path = NavigationStackExampleDemoApp.swift; sourceTree = "<group>"; };
		C9F1919727D7533D00027FB9 /* ContentView.swift */ = {isa = PBXFileReference; lastKnownFileType = sourcecode.swift; path = ContentView.swift; sourceTree = "<group>"; };
		C9F1919927D7533E00027FB9 /* Assets.xcassets */ = {isa = PBXFileReference; lastKnownFileType = folder.assetcatalog; path = Assets.xcassets; sourceTree = "<group>"; };
		C9F1919C27D7533E00027FB9 /* Preview Assets.xcassets */ = {isa = PBXFileReference; lastKnownFileType = folder.assetcatalog; path = "Preview Assets.xcassets"; sourceTree = "<group>"; };
		C9F191C227D7565A00027FB9 /* Post.swift */ = {isa = PBXFileReference; lastKnownFileType = sourcecode.swift; path = Post.swift; sourceTree = "<group>"; };
		C9F191C427D7568800027FB9 /* HomeContainer.swift */ = {isa = PBXFileReference; lastKnownFileType = sourcecode.swift; path = HomeContainer.swift; sourceTree = "<group>"; };
		C9F191C627D7569700027FB9 /* FeedContainer.swift */ = {isa = PBXFileReference; lastKnownFileType = sourcecode.swift; path = FeedContainer.swift; sourceTree = "<group>"; };
		C9F191C827D756A600027FB9 /* PostsContainer.swift */ = {isa = PBXFileReference; lastKnownFileType = sourcecode.swift; path = PostsContainer.swift; sourceTree = "<group>"; };
		C9F191CA27D756B700027FB9 /* SettingsContainer.swift */ = {isa = PBXFileReference; lastKnownFileType = sourcecode.swift; path = SettingsContainer.swift; sourceTree = "<group>"; };
		C9F191CC27D756FA00027FB9 /* HomeFourthView.swift */ = {isa = PBXFileReference; lastKnownFileType = sourcecode.swift; path = HomeFourthView.swift; sourceTree = "<group>"; };
		C9F191CE27D7570E00027FB9 /* HomeThirdView.swift */ = {isa = PBXFileReference; lastKnownFileType = sourcecode.swift; path = HomeThirdView.swift; sourceTree = "<group>"; };
		C9F191D027D7571E00027FB9 /* HomeSecondView.swift */ = {isa = PBXFileReference; lastKnownFileType = sourcecode.swift; path = HomeSecondView.swift; sourceTree = "<group>"; };
		C9F191D227D7572C00027FB9 /* HomeFirstView.swift */ = {isa = PBXFileReference; lastKnownFileType = sourcecode.swift; path = HomeFirstView.swift; sourceTree = "<group>"; };
		C9F191D427D7574600027FB9 /* FeedFirstView.swift */ = {isa = PBXFileReference; lastKnownFileType = sourcecode.swift; path = FeedFirstView.swift; sourceTree = "<group>"; };
		C9F191D627D7575100027FB9 /* FeedSecondView.swift */ = {isa = PBXFileReference; lastKnownFileType = sourcecode.swift; path = FeedSecondView.swift; sourceTree = "<group>"; };
		C9F191D827D7577700027FB9 /* PostsFirstView.swift */ = {isa = PBXFileReference; lastKnownFileType = sourcecode.swift; path = PostsFirstView.swift; sourceTree = "<group>"; };
		C9F191DA27D7578300027FB9 /* PostsSecondView.swift */ = {isa = PBXFileReference; lastKnownFileType = sourcecode.swift; path = PostsSecondView.swift; sourceTree = "<group>"; };
		C9F191DC27D7579300027FB9 /* SettingsFirstView.swift */ = {isa = PBXFileReference; lastKnownFileType = sourcecode.swift; path = SettingsFirstView.swift; sourceTree = "<group>"; };
		C9F191DE27D757A700027FB9 /* SettingsSecondView.swift */ = {isa = PBXFileReference; lastKnownFileType = sourcecode.swift; path = SettingsSecondView.swift; sourceTree = "<group>"; };
		C9F191E127D7CC0700027FB9 /* SwiftUIFirstView.swift */ = {isa = PBXFileReference; lastKnownFileType = sourcecode.swift; path = SwiftUIFirstView.swift; sourceTree = "<group>"; };
		C9F191E327D7CC5500027FB9 /* SwiftUISecondView.swift */ = {isa = PBXFileReference; lastKnownFileType = sourcecode.swift; path = SwiftUISecondView.swift; sourceTree = "<group>"; };
/* End PBXFileReference section */

/* Begin PBXFrameworksBuildPhase section */
		C9F1918F27D7533D00027FB9 /* Frameworks */ = {
			isa = PBXFrameworksBuildPhase;
			buildActionMask = 2147483647;
			files = (
			);
			runOnlyForDeploymentPostprocessing = 0;
		};
/* End PBXFrameworksBuildPhase section */

/* Begin PBXGroup section */
		C9F1918927D7533D00027FB9 = {
			isa = PBXGroup;
			children = (
				C9F1919427D7533D00027FB9 /* NavigationStackExampleDemo */,
				C9F1919327D7533D00027FB9 /* Products */,
			);
			sourceTree = "<group>";
		};
		C9F1919327D7533D00027FB9 /* Products */ = {
			isa = PBXGroup;
			children = (
				C9F1919227D7533D00027FB9 /* NavigationStackExampleDemo.app */,
			);
			name = Products;
			sourceTree = "<group>";
		};
		C9F1919427D7533D00027FB9 /* NavigationStackExampleDemo */ = {
			isa = PBXGroup;
			children = (
				C9F191BD27D755C500027FB9 /* Models */,
				C9F191BC27D755A700027FB9 /* Views */,
				C9F191BB27D7558E00027FB9 /* Containers */,
				C9F191BA27D7557600027FB9 /* Main */,
				C9F1919927D7533E00027FB9 /* Assets.xcassets */,
				C9F1919B27D7533E00027FB9 /* Preview Content */,
			);
			path = NavigationStackExampleDemo;
			sourceTree = "<group>";
		};
		C9F1919B27D7533E00027FB9 /* Preview Content */ = {
			isa = PBXGroup;
			children = (
				C9F1919C27D7533E00027FB9 /* Preview Assets.xcassets */,
			);
			path = "Preview Content";
			sourceTree = "<group>";
		};
		C9F191BA27D7557600027FB9 /* Main */ = {
			isa = PBXGroup;
			children = (
				C9F1919527D7533D00027FB9 /* NavigationStackExampleDemoApp.swift */,
				C9F1919727D7533D00027FB9 /* ContentView.swift */,
			);
			path = Main;
			sourceTree = "<group>";
		};
		C9F191BB27D7558E00027FB9 /* Containers */ = {
			isa = PBXGroup;
			children = (
				C9F191C427D7568800027FB9 /* HomeContainer.swift */,
				C9F191C627D7569700027FB9 /* FeedContainer.swift */,
				C9F191C827D756A600027FB9 /* PostsContainer.swift */,
				C9F191CA27D756B700027FB9 /* SettingsContainer.swift */,
			);
			path = Containers;
			sourceTree = "<group>";
		};
		C9F191BC27D755A700027FB9 /* Views */ = {
			isa = PBXGroup;
			children = (
				C9F191C127D7563500027FB9 /* Home */,
				C9F191C027D7563000027FB9 /* Feed */,
				C9F191BF27D7560A00027FB9 /* Posts */,
				C9F191BE27D755FC00027FB9 /* Settings */,
				C9F191E027D7CBF300027FB9 /* SwiftUI */,
			);
			path = Views;
			sourceTree = "<group>";
		};
		C9F191BD27D755C500027FB9 /* Models */ = {
			isa = PBXGroup;
			children = (
				C9F191C227D7565A00027FB9 /* Post.swift */,
			);
			path = Models;
			sourceTree = "<group>";
		};
		C9F191BE27D755FC00027FB9 /* Settings */ = {
			isa = PBXGroup;
			children = (
				C9F191DC27D7579300027FB9 /* SettingsFirstView.swift */,
				C9F191DE27D757A700027FB9 /* SettingsSecondView.swift */,
			);
			path = Settings;
			sourceTree = "<group>";
		};
		C9F191BF27D7560A00027FB9 /* Posts */ = {
			isa = PBXGroup;
			children = (
				C9F191D827D7577700027FB9 /* PostsFirstView.swift */,
				C9F191DA27D7578300027FB9 /* PostsSecondView.swift */,
			);
			path = Posts;
			sourceTree = "<group>";
		};
		C9F191C027D7563000027FB9 /* Feed */ = {
			isa = PBXGroup;
			children = (
				C9F191D427D7574600027FB9 /* FeedFirstView.swift */,
				C9F191D627D7575100027FB9 /* FeedSecondView.swift */,
			);
			path = Feed;
			sourceTree = "<group>";
		};
		C9F191C127D7563500027FB9 /* Home */ = {
			isa = PBXGroup;
			children = (
				C9F191D227D7572C00027FB9 /* HomeFirstView.swift */,
				C9F191D027D7571E00027FB9 /* HomeSecondView.swift */,
				C9F191CE27D7570E00027FB9 /* HomeThirdView.swift */,
				C9F191CC27D756FA00027FB9 /* HomeFourthView.swift */,
			);
			path = Home;
			sourceTree = "<group>";
		};
		C9F191E027D7CBF300027FB9 /* SwiftUI */ = {
			isa = PBXGroup;
			children = (
				C9F191E127D7CC0700027FB9 /* SwiftUIFirstView.swift */,
				C9F191E327D7CC5500027FB9 /* SwiftUISecondView.swift */,
			);
			path = SwiftUI;
			sourceTree = "<group>";
		};
/* End PBXGroup section */

/* Begin PBXNativeTarget section */
		C9F1919127D7533D00027FB9 /* NavigationStackExampleDemo */ = {
			isa = PBXNativeTarget;
			buildConfigurationList = C9F191A027D7533E00027FB9 /* Build configuration list for PBXNativeTarget "NavigationStackExampleDemo" */;
			buildPhases = (
				C9F1918E27D7533D00027FB9 /* Sources */,
				C9F1918F27D7533D00027FB9 /* Frameworks */,
				C9F1919027D7533D00027FB9 /* Resources */,
			);
			buildRules = (
			);
			dependencies = (
			);
			name = NavigationStackExampleDemo;
			productName = NavigationStackExampleDemo;
			productReference = C9F1919227D7533D00027FB9 /* NavigationStackExampleDemo.app */;
			productType = "com.apple.product-type.application";
		};
/* End PBXNativeTarget section */

/* Begin PBXProject section */
		C9F1918A27D7533D00027FB9 /* Project object */ = {
			isa = PBXProject;
			attributes = {
				BuildIndependentTargetsInParallel = 1;
				LastSwiftUpdateCheck = 1320;
				LastUpgradeCheck = 1320;
				TargetAttributes = {
					C9F1919127D7533D00027FB9 = {
						CreatedOnToolsVersion = 13.2.1;
					};
				};
			};
			buildConfigurationList = C9F1918D27D7533D00027FB9 /* Build configuration list for PBXProject "NavigationStackExampleDemo" */;
			compatibilityVersion = "Xcode 13.0";
			developmentRegion = en;
			hasScannedForEncodings = 0;
			knownRegions = (
				en,
				Base,
			);
			mainGroup = C9F1918927D7533D00027FB9;
			productRefGroup = C9F1919327D7533D00027FB9 /* Products */;
			projectDirPath = "";
			projectRoot = "";
			targets = (
				C9F1919127D7533D00027FB9 /* NavigationStackExampleDemo */,
			);
		};
/* End PBXProject section */

/* Begin PBXResourcesBuildPhase section */
		C9F1919027D7533D00027FB9 /* Resources */ = {
			isa = PBXResourcesBuildPhase;
			buildActionMask = 2147483647;
			files = (
				C9F1919D27D7533E00027FB9 /* Preview Assets.xcassets in Resources */,
				C9F1919A27D7533E00027FB9 /* Assets.xcassets in Resources */,
			);
			runOnlyForDeploymentPostprocessing = 0;
		};
/* End PBXResourcesBuildPhase section */

/* Begin PBXSourcesBuildPhase section */
		C9F1918E27D7533D00027FB9 /* Sources */ = {
			isa = PBXSourcesBuildPhase;
			buildActionMask = 2147483647;
			files = (
				C9F191CF27D7570E00027FB9 /* HomeThirdView.swift in Sources */,
				C9F191E427D7CC5500027FB9 /* SwiftUISecondView.swift in Sources */,
				C9F191D527D7574600027FB9 /* FeedFirstView.swift in Sources */,
				C9F191DF27D757A700027FB9 /* SettingsSecondView.swift in Sources */,
				C9F191C927D756A600027FB9 /* PostsContainer.swift in Sources */,
				C9F191D327D7572C00027FB9 /* HomeFirstView.swift in Sources */,
				C9F191DD27D7579300027FB9 /* SettingsFirstView.swift in Sources */,
				C9F191C727D7569700027FB9 /* FeedContainer.swift in Sources */,
				C9F191C327D7565A00027FB9 /* Post.swift in Sources */,
				C9F1919827D7533D00027FB9 /* ContentView.swift in Sources */,
				C9F191CD27D756FA00027FB9 /* HomeFourthView.swift in Sources */,
				C9F191DB27D7578300027FB9 /* PostsSecondView.swift in Sources */,
				C9F191D927D7577700027FB9 /* PostsFirstView.swift in Sources */,
				C9F191E227D7CC0700027FB9 /* SwiftUIFirstView.swift in Sources */,
				C9F191D127D7571E00027FB9 /* HomeSecondView.swift in Sources */,
				C9F191CB27D756B700027FB9 /* SettingsContainer.swift in Sources */,
				C9F191D727D7575100027FB9 /* FeedSecondView.swift in Sources */,
				C9F191C527D7568800027FB9 /* HomeContainer.swift in Sources */,
				C9F1919627D7533D00027FB9 /* NavigationStackExampleDemoApp.swift in Sources */,
			);
			runOnlyForDeploymentPostprocessing = 0;
		};
/* End PBXSourcesBuildPhase section */

/* Begin XCBuildConfiguration section */
		C9F1919E27D7533E00027FB9 /* Debug */ = {
			isa = XCBuildConfiguration;
			buildSettings = {
				ALWAYS_SEARCH_USER_PATHS = NO;
				CLANG_ANALYZER_NONNULL = YES;
				CLANG_ANALYZER_NUMBER_OBJECT_CONVERSION = YES_AGGRESSIVE;
				CLANG_CXX_LANGUAGE_STANDARD = "gnu++17";
				CLANG_CXX_LIBRARY = "libc++";
				CLANG_ENABLE_MODULES = YES;
				CLANG_ENABLE_OBJC_ARC = YES;
				CLANG_ENABLE_OBJC_WEAK = YES;
				CLANG_WARN_BLOCK_CAPTURE_AUTORELEASING = YES;
				CLANG_WARN_BOOL_CONVERSION = YES;
				CLANG_WARN_COMMA = YES;
				CLANG_WARN_CONSTANT_CONVERSION = YES;
				CLANG_WARN_DEPRECATED_OBJC_IMPLEMENTATIONS = YES;
				CLANG_WARN_DIRECT_OBJC_ISA_USAGE = YES_ERROR;
				CLANG_WARN_DOCUMENTATION_COMMENTS = YES;
				CLANG_WARN_EMPTY_BODY = YES;
				CLANG_WARN_ENUM_CONVERSION = YES;
				CLANG_WARN_INFINITE_RECURSION = YES;
				CLANG_WARN_INT_CONVERSION = YES;
				CLANG_WARN_NON_LITERAL_NULL_CONVERSION = YES;
				CLANG_WARN_OBJC_IMPLICIT_RETAIN_SELF = YES;
				CLANG_WARN_OBJC_LITERAL_CONVERSION = YES;
				CLANG_WARN_OBJC_ROOT_CLASS = YES_ERROR;
				CLANG_WARN_QUOTED_INCLUDE_IN_FRAMEWORK_HEADER = YES;
				CLANG_WARN_RANGE_LOOP_ANALYSIS = YES;
				CLANG_WARN_STRICT_PROTOTYPES = YES;
				CLANG_WARN_SUSPICIOUS_MOVE = YES;
				CLANG_WARN_UNGUARDED_AVAILABILITY = YES_AGGRESSIVE;
				CLANG_WARN_UNREACHABLE_CODE = YES;
				CLANG_WARN__DUPLICATE_METHOD_MATCH = YES;
				COPY_PHASE_STRIP = NO;
				DEBUG_INFORMATION_FORMAT = dwarf;
				ENABLE_STRICT_OBJC_MSGSEND = YES;
				ENABLE_TESTABILITY = YES;
				GCC_C_LANGUAGE_STANDARD = gnu11;
				GCC_DYNAMIC_NO_PIC = NO;
				GCC_NO_COMMON_BLOCKS = YES;
				GCC_OPTIMIZATION_LEVEL = 0;
				GCC_PREPROCESSOR_DEFINITIONS = (
					"DEBUG=1",
					"$(inherited)",
				);
				GCC_WARN_64_TO_32_BIT_CONVERSION = YES;
				GCC_WARN_ABOUT_RETURN_TYPE = YES_ERROR;
				GCC_WARN_UNDECLARED_SELECTOR = YES;
				GCC_WARN_UNINITIALIZED_AUTOS = YES_AGGRESSIVE;
				GCC_WARN_UNUSED_FUNCTION = YES;
				GCC_WARN_UNUSED_VARIABLE = YES;
				IPHONEOS_DEPLOYMENT_TARGET = 15.2;
				MTL_ENABLE_DEBUG_INFO = INCLUDE_SOURCE;
				MTL_FAST_MATH = YES;
				ONLY_ACTIVE_ARCH = YES;
				SDKROOT = iphoneos;
				SWIFT_ACTIVE_COMPILATION_CONDITIONS = DEBUG;
				SWIFT_OPTIMIZATION_LEVEL = "-Onone";
			};
			name = Debug;
		};
		C9F1919F27D7533E00027FB9 /* Release */ = {
			isa = XCBuildConfiguration;
			buildSettings = {
				ALWAYS_SEARCH_USER_PATHS = NO;
				CLANG_ANALYZER_NONNULL = YES;
				CLANG_ANALYZER_NUMBER_OBJECT_CONVERSION = YES_AGGRESSIVE;
				CLANG_CXX_LANGUAGE_STANDARD = "gnu++17";
				CLANG_CXX_LIBRARY = "libc++";
				CLANG_ENABLE_MODULES = YES;
				CLANG_ENABLE_OBJC_ARC = YES;
				CLANG_ENABLE_OBJC_WEAK = YES;
				CLANG_WARN_BLOCK_CAPTURE_AUTORELEASING = YES;
				CLANG_WARN_BOOL_CONVERSION = YES;
				CLANG_WARN_COMMA = YES;
				CLANG_WARN_CONSTANT_CONVERSION = YES;
				CLANG_WARN_DEPRECATED_OBJC_IMPLEMENTATIONS = YES;
				CLANG_WARN_DIRECT_OBJC_ISA_USAGE = YES_ERROR;
				CLANG_WARN_DOCUMENTATION_COMMENTS = YES;
				CLANG_WARN_EMPTY_BODY = YES;
				CLANG_WARN_ENUM_CONVERSION = YES;
				CLANG_WARN_INFINITE_RECURSION = YES;
				CLANG_WARN_INT_CONVERSION = YES;
				CLANG_WARN_NON_LITERAL_NULL_CONVERSION = YES;
				CLANG_WARN_OBJC_IMPLICIT_RETAIN_SELF = YES;
				CLANG_WARN_OBJC_LITERAL_CONVERSION = YES;
				CLANG_WARN_OBJC_ROOT_CLASS = YES_ERROR;
				CLANG_WARN_QUOTED_INCLUDE_IN_FRAMEWORK_HEADER = YES;
				CLANG_WARN_RANGE_LOOP_ANALYSIS = YES;
				CLANG_WARN_STRICT_PROTOTYPES = YES;
				CLANG_WARN_SUSPICIOUS_MOVE = YES;
				CLANG_WARN_UNGUARDED_AVAILABILITY = YES_AGGRESSIVE;
				CLANG_WARN_UNREACHABLE_CODE = YES;
				CLANG_WARN__DUPLICATE_METHOD_MATCH = YES;
				COPY_PHASE_STRIP = NO;
				DEBUG_INFORMATION_FORMAT = "dwarf-with-dsym";
				ENABLE_NS_ASSERTIONS = NO;
				ENABLE_STRICT_OBJC_MSGSEND = YES;
				GCC_C_LANGUAGE_STANDARD = gnu11;
				GCC_NO_COMMON_BLOCKS = YES;
				GCC_WARN_64_TO_32_BIT_CONVERSION = YES;
				GCC_WARN_ABOUT_RETURN_TYPE = YES_ERROR;
				GCC_WARN_UNDECLARED_SELECTOR = YES;
				GCC_WARN_UNINITIALIZED_AUTOS = YES_AGGRESSIVE;
				GCC_WARN_UNUSED_FUNCTION = YES;
				GCC_WARN_UNUSED_VARIABLE = YES;
				IPHONEOS_DEPLOYMENT_TARGET = 15.2;
				MTL_ENABLE_DEBUG_INFO = NO;
				MTL_FAST_MATH = YES;
				SDKROOT = iphoneos;
				SWIFT_COMPILATION_MODE = wholemodule;
				SWIFT_OPTIMIZATION_LEVEL = "-O";
				VALIDATE_PRODUCT = YES;
			};
			name = Release;
		};
		C9F191A127D7533E00027FB9 /* Debug */ = {
			isa = XCBuildConfiguration;
			buildSettings = {
				ASSETCATALOG_COMPILER_APPICON_NAME = AppIcon;
				ASSETCATALOG_COMPILER_GLOBAL_ACCENT_COLOR_NAME = AccentColor;
				CODE_SIGN_STYLE = Automatic;
				CURRENT_PROJECT_VERSION = 1;
				DEVELOPMENT_ASSET_PATHS = "\"NavigationStackExampleDemo/Preview Content\"";
				DEVELOPMENT_TEAM = R252PR8AVU;
				ENABLE_PREVIEWS = YES;
				GENERATE_INFOPLIST_FILE = YES;
				INFOPLIST_KEY_UIApplicationSceneManifest_Generation = YES;
				INFOPLIST_KEY_UIApplicationSupportsIndirectInputEvents = YES;
				INFOPLIST_KEY_UILaunchScreen_Generation = YES;
				INFOPLIST_KEY_UISupportedInterfaceOrientations_iPad = "UIInterfaceOrientationPortrait UIInterfaceOrientationPortraitUpsideDown UIInterfaceOrientationLandscapeLeft UIInterfaceOrientationLandscapeRight";
				INFOPLIST_KEY_UISupportedInterfaceOrientations_iPhone = "UIInterfaceOrientationPortrait UIInterfaceOrientationLandscapeLeft UIInterfaceOrientationLandscapeRight";
				LD_RUNPATH_SEARCH_PATHS = (
					"$(inherited)",
					"@executable_path/Frameworks",
				);
				MARKETING_VERSION = 1.0;
				PRODUCT_BUNDLE_IDENTIFIER = com.rebeloper.NavigationStackExampleDemo;
				PRODUCT_NAME = "$(TARGET_NAME)";
				SWIFT_EMIT_LOC_STRINGS = YES;
				SWIFT_VERSION = 5.0;
				TARGETED_DEVICE_FAMILY = "1,2";
			};
			name = Debug;
		};
		C9F191A227D7533E00027FB9 /* Release */ = {
			isa = XCBuildConfiguration;
			buildSettings = {
				ASSETCATALOG_COMPILER_APPICON_NAME = AppIcon;
				ASSETCATALOG_COMPILER_GLOBAL_ACCENT_COLOR_NAME = AccentColor;
				CODE_SIGN_STYLE = Automatic;
				CURRENT_PROJECT_VERSION = 1;
				DEVELOPMENT_ASSET_PATHS = "\"NavigationStackExampleDemo/Preview Content\"";
				DEVELOPMENT_TEAM = R252PR8AVU;
				ENABLE_PREVIEWS = YES;
				GENERATE_INFOPLIST_FILE = YES;
				INFOPLIST_KEY_UIApplicationSceneManifest_Generation = YES;
				INFOPLIST_KEY_UIApplicationSupportsIndirectInputEvents = YES;
				INFOPLIST_KEY_UILaunchScreen_Generation = YES;
				INFOPLIST_KEY_UISupportedInterfaceOrientations_iPad = "UIInterfaceOrientationPortrait UIInterfaceOrientationPortraitUpsideDown UIInterfaceOrientationLandscapeLeft UIInterfaceOrientationLandscapeRight";
				INFOPLIST_KEY_UISupportedInterfaceOrientations_iPhone = "UIInterfaceOrientationPortrait UIInterfaceOrientationLandscapeLeft UIInterfaceOrientationLandscapeRight";
				LD_RUNPATH_SEARCH_PATHS = (
					"$(inherited)",
					"@executable_path/Frameworks",
				);
				MARKETING_VERSION = 1.0;
				PRODUCT_BUNDLE_IDENTIFIER = com.rebeloper.NavigationStackExampleDemo;
				PRODUCT_NAME = "$(TARGET_NAME)";
				SWIFT_EMIT_LOC_STRINGS = YES;
				SWIFT_VERSION = 5.0;
				TARGETED_DEVICE_FAMILY = "1,2";
			};
			name = Release;
		};
/* End XCBuildConfiguration section */

/* Begin XCConfigurationList section */
		C9F1918D27D7533D00027FB9 /* Build configuration list for PBXProject "NavigationStackExampleDemo" */ = {
			isa = XCConfigurationList;
			buildConfigurations = (
				C9F1919E27D7533E00027FB9 /* Debug */,
				C9F1919F27D7533E00027FB9 /* Release */,
			);
			defaultConfigurationIsVisible = 0;
			defaultConfigurationName = Release;
		};
		C9F191A027D7533E00027FB9 /* Build configuration list for PBXNativeTarget "NavigationStackExampleDemo" */ = {
			isa = XCConfigurationList;
			buildConfigurations = (
				C9F191A127D7533E00027FB9 /* Debug */,
				C9F191A227D7533E00027FB9 /* Release */,
			);
			defaultConfigurationIsVisible = 0;
			defaultConfigurationName = Release;
		};
/* End XCConfigurationList section */
	};
	rootObject = C9F1918A27D7533D00027FB9 /* Project object */;
}
